
Microsoft Visual Studio Solution File, Format Version 12.00
# Visual Studio 15
VisualStudioVersion = 15.0.27130.2010
MinimumVisualStudioVersion = 10.0.40219.1
Project("{FAE04EC0-301F-11D3-BF4B-00C04F79EFBC}") = "OCR", "OCR\OCR.csproj", "{D716C058-1203-4670-AFD3-4E3B121E837B}"
EndProject
Project("{FAE04EC0-301F-11D3-BF4B-00C04F79EFBC}") = "WpfApp1", "WpfApp1\WpfApp1.csproj", "{F87B0AC7-D301-4B0F-8E2E-E6D2B641CA9B}"
EndProject
Global
	GlobalSection(SolutionConfigurationPlatforms) = preSolution
		Debug|Any CPU = Debug|Any CPU
		Debug|ARM = Debug|ARM
		Debug|x64 = Debug|x64
		Debug|x86 = Debug|x86
		Release|Any CPU = Release|Any CPU
		Release|ARM = Release|ARM
		Release|x64 = Release|x64
		Release|x86 = Release|x86
	EndGlobalSection
	GlobalSection(ProjectConfigurationPlatforms) = postSolution
		{D716C058-1203-4670-AFD3-4E3B121E837B}.Debug|Any CPU.ActiveCfg = Debug|Any CPU
		{D716C058-1203-4670-AFD3-4E3B121E837B}.Debug|Any CPU.Build.0 = Debug|Any CPU
		{D716C058-1203-4670-AFD3-4E3B121E837B}.Debug|ARM.ActiveCfg = Debug|Any CPU
		{D716C058-1203-4670-AFD3-4E3B121E837B}.Debug|ARM.Build.0 = Debug|Any CPU
		{D716C058-1203-4670-AFD3-4E3B121E837B}.Debug|x64.ActiveCfg = Debug|Any CPU
		{D716C058-1203-4670-AFD3-4E3B121E837B}.Debug|x64.Build.0 = Debug|Any CPU
		{D716C058-1203-4670-AFD3-4E3B121E837B}.Debug|x86.ActiveCfg = Debug|Any CPU
		{D716C058-1203-4670-AFD3-4E3B121E837B}.Debug|x86.Build.0 = Debug|Any CPU
		{D716C058-1203-4670-AFD3-4E3B121E837B}.Release|Any CPU.ActiveCfg = Release|Any CPU
		{D716C058-1203-4670-AFD3-4E3B121E837B}.Release|Any CPU.Build.0 = Release|Any CPU
		{D716C058-1203-4670-AFD3-4E3B121E837B}.Release|ARM.ActiveCfg = Release|Any CPU
		{D716C058-1203-4670-AFD3-4E3B121E837B}.Release|ARM.Build.0 = Release|Any CPU
		{D716C058-1203-4670-AFD3-4E3B121E837B}.Release|x64.ActiveCfg = Release|Any CPU
		{D716C058-1203-4670-AFD3-4E3B121E837B}.Release|x64.Build.0 = Release|Any CPU
		{D716C058-1203-4670-AFD3-4E3B121E837B}.Release|x86.ActiveCfg = Release|Any CPU
		{D716C058-1203-4670-AFD3-4E3B121E837B}.Release|x86.Build.0 = Release|Any CPU
		{F87B0AC7-D301-4B0F-8E2E-E6D2B641CA9B}.Debug|Any CPU.ActiveCfg = Debug|Any CPU
		{F87B0AC7-D301-4B0F-8E2E-E6D2B641CA9B}.Debug|Any CPU.Build.0 = Debug|Any CPU
		{F87B0AC7-D301-4B0F-8E2E-E6D2B641CA9B}.Debug|ARM.ActiveCfg = Debug|Any CPU
		{F87B0AC7-D301-4B0F-8E2E-E6D2B641CA9B}.Debug|ARM.Build.0 = Debug|Any CPU
		{F87B0AC7-D301-4B0F-8E2E-E6D2B641CA9B}.Debug|x64.ActiveCfg = Debug|Any CPU
		{F87B0AC7-D301-4B0F-8E2E-E6D2B641CA9B}.Debug|x64.Build.0 = Debug|Any CPU
		{F87B0AC7-D301-4B0F-8E2E-E6D2B641CA9B}.Debug|x86.ActiveCfg = Debug|Any CPU
		{F87B0AC7-D301-4B0F-8E2E-E6D2B641CA9B}.Debug|x86.Build.0 = Debug|Any CPU
		{F87B0AC7-D301-4B0F-8E2E-E6D2B641CA9B}.Release|Any CPU.ActiveCfg = Release|Any CPU
		{F87B0AC7-D301-4B0F-8E2E-E6D2B641CA9B}.Release|Any CPU.Build.0 = Release|Any CPU
		{F87B0AC7-D301-4B0F-8E2E-E6D2B641CA9B}.Release|ARM.ActiveCfg = Release|Any CPU
		{F87B0AC7-D301-4B0F-8E2E-E6D2B641CA9B}.Release|ARM.Build.0 = Release|Any CPU
		{F87B0AC7-D301-4B0F-8E2E-E6D2B641CA9B}.Release|x64.ActiveCfg = Release|Any CPU
		{F87B0AC7-D301-4B0F-8E2E-E6D2B641CA9B}.Release|x64.Build.0 = Release|Any CPU
		{F87B0AC7-D301-4B0F-8E2E-E6D2B641CA9B}.Release|x86.ActiveCfg = Release|Any CPU
		{F87B0AC7-D301-4B0F-8E2E-E6D2B641CA9B}.Release|x86.Build.0 = Release|Any CPU
	EndGlobalSection
	GlobalSection(SolutionProperties) = preSolution
		HideSolutionNode = FALSE
	EndGlobalSection
	GlobalSection(ExtensibilityGlobals) = postSolution
		SolutionGuid = {5ED003B7-F1CF-46E0-9253-06D200214473}
	EndGlobalSection
EndGlobal
